// !$*UTF8*$!
{
	archiveVersion = 1;
	classes = {
	};
	objectVersion = 56;
	objects = {

/* Begin PBXBuildFile section */
		938237002AAD80820080093C /* PencilKitPracticeApp.swift in Sources */ = {isa = PBXBuildFile; fileRef = 938236FF2AAD80820080093C /* PencilKitPracticeApp.swift */; };
		938237022AAD80820080093C /* ContentView.swift in Sources */ = {isa = PBXBuildFile; fileRef = 938237012AAD80820080093C /* ContentView.swift */; };
		938237042AAD80830080093C /* Assets.xcassets in Resources */ = {isa = PBXBuildFile; fileRef = 938237032AAD80830080093C /* Assets.xcassets */; };
		938237072AAD80830080093C /* Preview Assets.xcassets in Resources */ = {isa = PBXBuildFile; fileRef = 938237062AAD80830080093C /* Preview Assets.xcassets */; };
		938237122AAD93620080093C /* BasicDemo.swift in Sources */ = {isa = PBXBuildFile; fileRef = 938237112AAD93620080093C /* BasicDemo.swift */; };
		93946BE02AADB71200DC301E /* PencilKitCanvas.swift in Sources */ = {isa = PBXBuildFile; fileRef = 93946BDF2AADB71200DC301E /* PencilKitCanvas.swift */; };
		93946BE22AADC76500DC301E /* PKStroke+calculation.swift in Sources */ = {isa = PBXBuildFile; fileRef = 93946BE12AADC76500DC301E /* PKStroke+calculation.swift */; };
		93B9E3252AB0A17300FA1D42 /* CustomToolPickerDemo.swift in Sources */ = {isa = PBXBuildFile; fileRef = 93B9E3242AB0A17300FA1D42 /* CustomToolPickerDemo.swift */; };
		93B9E3272AB0A22900FA1D42 /* CustomToolPickerViewModel.swift in Sources */ = {isa = PBXBuildFile; fileRef = 93B9E3262AB0A22900FA1D42 /* CustomToolPickerViewModel.swift */; };
/* End PBXBuildFile section */

/* Begin PBXFileReference section */
		938236FC2AAD80820080093C /* PencilKitPractice.app */ = {isa = PBXFileReference; explicitFileType = wrapper.application; includeInIndex = 0; path = PencilKitPractice.app; sourceTree = BUILT_PRODUCTS_DIR; };
		938236FF2AAD80820080093C /* PencilKitPracticeApp.swift */ = {isa = PBXFileReference; lastKnownFileType = sourcecode.swift; path = PencilKitPracticeApp.swift; sourceTree = "<group>"; };
		938237012AAD80820080093C /* ContentView.swift */ = {isa = PBXFileReference; lastKnownFileType = sourcecode.swift; path = ContentView.swift; sourceTree = "<group>"; };
		938237032AAD80830080093C /* Assets.xcassets */ = {isa = PBXFileReference; lastKnownFileType = folder.assetcatalog; path = Assets.xcassets; sourceTree = "<group>"; };
		938237062AAD80830080093C /* Preview Assets.xcassets */ = {isa = PBXFileReference; lastKnownFileType = folder.assetcatalog; path = "Preview Assets.xcassets"; sourceTree = "<group>"; };
		938237112AAD93620080093C /* BasicDemo.swift */ = {isa = PBXFileReference; lastKnownFileType = sourcecode.swift; path = BasicDemo.swift; sourceTree = "<group>"; };
		93946BDF2AADB71200DC301E /* PencilKitCanvas.swift */ = {isa = PBXFileReference; lastKnownFileType = sourcecode.swift; path = PencilKitCanvas.swift; sourceTree = "<group>"; };
		93946BE12AADC76500DC301E /* PKStroke+calculation.swift */ = {isa = PBXFileReference; lastKnownFileType = sourcecode.swift; path = "PKStroke+calculation.swift"; sourceTree = "<group>"; };
		93B9E3242AB0A17300FA1D42 /* CustomToolPickerDemo.swift */ = {isa = PBXFileReference; lastKnownFileType = sourcecode.swift; path = CustomToolPickerDemo.swift; sourceTree = "<group>"; };
		93B9E3262AB0A22900FA1D42 /* CustomToolPickerViewModel.swift */ = {isa = PBXFileReference; lastKnownFileType = sourcecode.swift; path = CustomToolPickerViewModel.swift; sourceTree = "<group>"; };
/* End PBXFileReference section */

/* Begin PBXFrameworksBuildPhase section */
		938236F92AAD80820080093C /* Frameworks */ = {
			isa = PBXFrameworksBuildPhase;
			buildActionMask = 2147483647;
			files = (
			);
			runOnlyForDeploymentPostprocessing = 0;
		};
/* End PBXFrameworksBuildPhase section */

/* Begin PBXGroup section */
		938236F32AAD80820080093C = {
			isa = PBXGroup;
			children = (
				938236FE2AAD80820080093C /* PencilKitPractice */,
				938236FD2AAD80820080093C /* Products */,
			);
			sourceTree = "<group>";
		};
		938236FD2AAD80820080093C /* Products */ = {
			isa = PBXGroup;
			children = (
				938236FC2AAD80820080093C /* PencilKitPractice.app */,
			);
			name = Products;
			sourceTree = "<group>";
		};
		938236FE2AAD80820080093C /* PencilKitPractice */ = {
			isa = PBXGroup;
			children = (
				938236FF2AAD80820080093C /* PencilKitPracticeApp.swift */,
				938237012AAD80820080093C /* ContentView.swift */,
				9382370D2AAD930E0080093C /* Demos */,
				938237102AAD93490080093C /* Utilities */,
				9382370F2AAD93320080093C /* Extensions */,
				938237032AAD80830080093C /* Assets.xcassets */,
				938237052AAD80830080093C /* Preview Content */,
			);
			path = PencilKitPractice;
			sourceTree = "<group>";
		};
		938237052AAD80830080093C /* Preview Content */ = {
			isa = PBXGroup;
			children = (
				938237062AAD80830080093C /* Preview Assets.xcassets */,
			);
			path = "Preview Content";
			sourceTree = "<group>";
		};
		9382370D2AAD930E0080093C /* Demos */ = {
			isa = PBXGroup;
			children = (
				93B9E3232AB0A16300FA1D42 /* Basic */,
				93B9E3222AB0A12C00FA1D42 /* CustomToolPicker & Undo */,
			);
			path = Demos;
			sourceTree = "<group>";
		};
		9382370F2AAD93320080093C /* Extensions */ = {
			isa = PBXGroup;
			children = (
				93946BE12AADC76500DC301E /* PKStroke+calculation.swift */,
			);
			path = Extensions;
			sourceTree = "<group>";
		};
		938237102AAD93490080093C /* Utilities */ = {
			isa = PBXGroup;
			children = (
				93946BDF2AADB71200DC301E /* PencilKitCanvas.swift */,
			);
			path = Utilities;
			sourceTree = "<group>";
		};
		93B9E3222AB0A12C00FA1D42 /* CustomToolPicker & Undo */ = {
			isa = PBXGroup;
			children = (
				93B9E3242AB0A17300FA1D42 /* CustomToolPickerDemo.swift */,
				93B9E3262AB0A22900FA1D42 /* CustomToolPickerViewModel.swift */,
			);
			path = "CustomToolPicker & Undo";
			sourceTree = "<group>";
		};
		93B9E3232AB0A16300FA1D42 /* Basic */ = {
			isa = PBXGroup;
			children = (
				938237112AAD93620080093C /* BasicDemo.swift */,
			);
			path = Basic;
			sourceTree = "<group>";
		};
/* End PBXGroup section */

/* Begin PBXNativeTarget section */
		938236FB2AAD80820080093C /* PencilKitPractice */ = {
			isa = PBXNativeTarget;
			buildConfigurationList = 9382370A2AAD80830080093C /* Build configuration list for PBXNativeTarget "PencilKitPractice" */;
			buildPhases = (
				938236F82AAD80820080093C /* Sources */,
				938236F92AAD80820080093C /* Frameworks */,
				938236FA2AAD80820080093C /* Resources */,
			);
			buildRules = (
			);
			dependencies = (
			);
			name = PencilKitPractice;
			productName = PencilKitPractice;
			productReference = 938236FC2AAD80820080093C /* PencilKitPractice.app */;
			productType = "com.apple.product-type.application";
		};
/* End PBXNativeTarget section */

/* Begin PBXProject section */
		938236F42AAD80820080093C /* Project object */ = {
			isa = PBXProject;
			attributes = {
				BuildIndependentTargetsInParallel = 1;
				LastSwiftUpdateCheck = 1500;
				LastUpgradeCheck = 1500;
				TargetAttributes = {
					938236FB2AAD80820080093C = {
						CreatedOnToolsVersion = 15.0;
					};
				};
			};
			buildConfigurationList = 938236F72AAD80820080093C /* Build configuration list for PBXProject "PencilKitPractice" */;
			compatibilityVersion = "Xcode 14.0";
			developmentRegion = en;
			hasScannedForEncodings = 0;
			knownRegions = (
				en,
				Base,
			);
			mainGroup = 938236F32AAD80820080093C;
			productRefGroup = 938236FD2AAD80820080093C /* Products */;
			projectDirPath = "";
			projectRoot = "";
			targets = (
				938236FB2AAD80820080093C /* PencilKitPractice */,
			);
		};
/* End PBXProject section */

/* Begin PBXResourcesBuildPhase section */
		938236FA2AAD80820080093C /* Resources */ = {
			isa = PBXResourcesBuildPhase;
			buildActionMask = 2147483647;
			files = (
				938237072AAD80830080093C /* Preview Assets.xcassets in Resources */,
				938237042AAD80830080093C /* Assets.xcassets in Resources */,
			);
			runOnlyForDeploymentPostprocessing = 0;
		};
/* End PBXResourcesBuildPhase section */

/* Begin PBXSourcesBuildPhase section */
		938236F82AAD80820080093C /* Sources */ = {
			isa = PBXSourcesBuildPhase;
			buildActionMask = 2147483647;
			files = (
				938237022AAD80820080093C /* ContentView.swift in Sources */,
				938237122AAD93620080093C /* BasicDemo.swift in Sources */,
				938237002AAD80820080093C /* PencilKitPracticeApp.swift in Sources */,
				93B9E3272AB0A22900FA1D42 /* CustomToolPickerViewModel.swift in Sources */,
				93946BE02AADB71200DC301E /* PencilKitCanvas.swift in Sources */,
				93946BE22AADC76500DC301E /* PKStroke+calculation.swift in Sources */,
				93B9E3252AB0A17300FA1D42 /* CustomToolPickerDemo.swift in Sources */,
			);
			runOnlyForDeploymentPostprocessing = 0;
		};
/* End PBXSourcesBuildPhase section */

/* Begin XCBuildConfiguration section */
		938237082AAD80830080093C /* Debug */ = {
			isa = XCBuildConfiguration;
			buildSettings = {
				ALWAYS_SEARCH_USER_PATHS = NO;
				ASSETCATALOG_COMPILER_GENERATE_SWIFT_ASSET_SYMBOL_EXTENSIONS = YES;
				CLANG_ANALYZER_NONNULL = YES;
				CLANG_ANALYZER_NUMBER_OBJECT_CONVERSION = YES_AGGRESSIVE;
				CLANG_CXX_LANGUAGE_STANDARD = "gnu++20";
				CLANG_ENABLE_MODULES = YES;
				CLANG_ENABLE_OBJC_ARC = YES;
				CLANG_ENABLE_OBJC_WEAK = YES;
				CLANG_WARN_BLOCK_CAPTURE_AUTORELEASING = YES;
				CLANG_WARN_BOOL_CONVERSION = YES;
				CLANG_WARN_COMMA = YES;
				CLANG_WARN_CONSTANT_CONVERSION = YES;
				CLANG_WARN_DEPRECATED_OBJC_IMPLEMENTATIONS = YES;
				CLANG_WARN_DIRECT_OBJC_ISA_USAGE = YES_ERROR;
				CLANG_WARN_DOCUMENTATION_COMMENTS = YES;
				CLANG_WARN_EMPTY_BODY = YES;
				CLANG_WARN_ENUM_CONVERSION = YES;
				CLANG_WARN_INFINITE_RECURSION = YES;
				CLANG_WARN_INT_CONVERSION = YES;
				CLANG_WARN_NON_LITERAL_NULL_CONVERSION = YES;
				CLANG_WARN_OBJC_IMPLICIT_RETAIN_SELF = YES;
				CLANG_WARN_OBJC_LITERAL_CONVERSION = YES;
				CLANG_WARN_OBJC_ROOT_CLASS = YES_ERROR;
				CLANG_WARN_QUOTED_INCLUDE_IN_FRAMEWORK_HEADER = YES;
				CLANG_WARN_RANGE_LOOP_ANALYSIS = YES;
				CLANG_WARN_STRICT_PROTOTYPES = YES;
				CLANG_WARN_SUSPICIOUS_MOVE = YES;
				CLANG_WARN_UNGUARDED_AVAILABILITY = YES_AGGRESSIVE;
				CLANG_WARN_UNREACHABLE_CODE = YES;
				CLANG_WARN__DUPLICATE_METHOD_MATCH = YES;
				COPY_PHASE_STRIP = NO;
				DEBUG_INFORMATION_FORMAT = dwarf;
				ENABLE_STRICT_OBJC_MSGSEND = YES;
				ENABLE_TESTABILITY = YES;
				ENABLE_USER_SCRIPT_SANDBOXING = YES;
				GCC_C_LANGUAGE_STANDARD = gnu17;
				GCC_DYNAMIC_NO_PIC = NO;
				GCC_NO_COMMON_BLOCKS = YES;
				GCC_OPTIMIZATION_LEVEL = 0;
				GCC_PREPROCESSOR_DEFINITIONS = (
					"DEBUG=1",
					"$(inherited)",
				);
				GCC_WARN_64_TO_32_BIT_CONVERSION = YES;
				GCC_WARN_ABOUT_RETURN_TYPE = YES_ERROR;
				GCC_WARN_UNDECLARED_SELECTOR = YES;
				GCC_WARN_UNINITIALIZED_AUTOS = YES_AGGRESSIVE;
				GCC_WARN_UNUSED_FUNCTION = YES;
				GCC_WARN_UNUSED_VARIABLE = YES;
				IPHONEOS_DEPLOYMENT_TARGET = 17.0;
				LOCALIZATION_PREFERS_STRING_CATALOGS = YES;
				MTL_ENABLE_DEBUG_INFO = INCLUDE_SOURCE;
				MTL_FAST_MATH = YES;
				ONLY_ACTIVE_ARCH = YES;
				SDKROOT = iphoneos;
				SWIFT_ACTIVE_COMPILATION_CONDITIONS = "DEBUG $(inherited)";
				SWIFT_OPTIMIZATION_LEVEL = "-Onone";
			};
			name = Debug;
		};
		938237092AAD80830080093C /* Release */ = {
			isa = XCBuildConfiguration;
			buildSettings = {
				ALWAYS_SEARCH_USER_PATHS = NO;
				ASSETCATALOG_COMPILER_GENERATE_SWIFT_ASSET_SYMBOL_EXTENSIONS = YES;
				CLANG_ANALYZER_NONNULL = YES;
				CLANG_ANALYZER_NUMBER_OBJECT_CONVERSION = YES_AGGRESSIVE;
				CLANG_CXX_LANGUAGE_STANDARD = "gnu++20";
				CLANG_ENABLE_MODULES = YES;
				CLANG_ENABLE_OBJC_ARC = YES;
				CLANG_ENABLE_OBJC_WEAK = YES;
				CLANG_WARN_BLOCK_CAPTURE_AUTORELEASING = YES;
				CLANG_WARN_BOOL_CONVERSION = YES;
				CLANG_WARN_COMMA = YES;
				CLANG_WARN_CONSTANT_CONVERSION = YES;
				CLANG_WARN_DEPRECATED_OBJC_IMPLEMENTATIONS = YES;
				CLANG_WARN_DIRECT_OBJC_ISA_USAGE = YES_ERROR;
				CLANG_WARN_DOCUMENTATION_COMMENTS = YES;
				CLANG_WARN_EMPTY_BODY = YES;
				CLANG_WARN_ENUM_CONVERSION = YES;
				CLANG_WARN_INFINITE_RECURSION = YES;
				CLANG_WARN_INT_CONVERSION = YES;
				CLANG_WARN_NON_LITERAL_NULL_CONVERSION = YES;
				CLANG_WARN_OBJC_IMPLICIT_RETAIN_SELF = YES;
				CLANG_WARN_OBJC_LITERAL_CONVERSION = YES;
				CLANG_WARN_OBJC_ROOT_CLASS = YES_ERROR;
				CLANG_WARN_QUOTED_INCLUDE_IN_FRAMEWORK_HEADER = YES;
				CLANG_WARN_RANGE_LOOP_ANALYSIS = YES;
				CLANG_WARN_STRICT_PROTOTYPES = YES;
				CLANG_WARN_SUSPICIOUS_MOVE = YES;
				CLANG_WARN_UNGUARDED_AVAILABILITY = YES_AGGRESSIVE;
				CLANG_WARN_UNREACHABLE_CODE = YES;
				CLANG_WARN__DUPLICATE_METHOD_MATCH = YES;
				COPY_PHASE_STRIP = NO;
				DEBUG_INFORMATION_FORMAT = "dwarf-with-dsym";
				ENABLE_NS_ASSERTIONS = NO;
				ENABLE_STRICT_OBJC_MSGSEND = YES;
				ENABLE_USER_SCRIPT_SANDBOXING = YES;
				GCC_C_LANGUAGE_STANDARD = gnu17;
				GCC_NO_COMMON_BLOCKS = YES;
				GCC_WARN_64_TO_32_BIT_CONVERSION = YES;
				GCC_WARN_ABOUT_RETURN_TYPE = YES_ERROR;
				GCC_WARN_UNDECLARED_SELECTOR = YES;
				GCC_WARN_UNINITIALIZED_AUTOS = YES_AGGRESSIVE;
				GCC_WARN_UNUSED_FUNCTION = YES;
				GCC_WARN_UNUSED_VARIABLE = YES;
				IPHONEOS_DEPLOYMENT_TARGET = 17.0;
				LOCALIZATION_PREFERS_STRING_CATALOGS = YES;
				MTL_ENABLE_DEBUG_INFO = NO;
				MTL_FAST_MATH = YES;
				SDKROOT = iphoneos;
				SWIFT_COMPILATION_MODE = wholemodule;
				VALIDATE_PRODUCT = YES;
			};
			name = Release;
		};
		9382370B2AAD80830080093C /* Debug */ = {
			isa = XCBuildConfiguration;
			buildSettings = {
				ASSETCATALOG_COMPILER_APPICON_NAME = AppIcon;
				ASSETCATALOG_COMPILER_GLOBAL_ACCENT_COLOR_NAME = AccentColor;
				CODE_SIGN_STYLE = Automatic;
				CURRENT_PROJECT_VERSION = 1;
				DEVELOPMENT_ASSET_PATHS = "\"PencilKitPractice/Preview Content\"";
				DEVELOPMENT_TEAM = 7Y4TPNE48W;
				ENABLE_PREVIEWS = YES;
				GENERATE_INFOPLIST_FILE = YES;
				INFOPLIST_KEY_UIApplicationSceneManifest_Generation = YES;
				INFOPLIST_KEY_UIApplicationSupportsIndirectInputEvents = YES;
				INFOPLIST_KEY_UILaunchScreen_Generation = YES;
				INFOPLIST_KEY_UISupportedInterfaceOrientations_iPad = "UIInterfaceOrientationPortrait UIInterfaceOrientationPortraitUpsideDown UIInterfaceOrientationLandscapeLeft UIInterfaceOrientationLandscapeRight";
				INFOPLIST_KEY_UISupportedInterfaceOrientations_iPhone = "UIInterfaceOrientationPortrait UIInterfaceOrientationLandscapeLeft UIInterfaceOrientationLandscapeRight";
				LD_RUNPATH_SEARCH_PATHS = (
					"$(inherited)",
					"@executable_path/Frameworks",
				);
				MARKETING_VERSION = 1.0;
				PRODUCT_BUNDLE_IDENTIFIER = "com.iOS-Taipei.PencilKitPractice";
				PRODUCT_NAME = "$(TARGET_NAME)";
				SWIFT_EMIT_LOC_STRINGS = YES;
				SWIFT_VERSION = 5.0;
				TARGETED_DEVICE_FAMILY = "1,2";
			};
			name = Debug;
		};
		9382370C2AAD80830080093C /* Release */ = {
			isa = XCBuildConfiguration;
			buildSettings = {
				ASSETCATALOG_COMPILER_APPICON_NAME = AppIcon;
				ASSETCATALOG_COMPILER_GLOBAL_ACCENT_COLOR_NAME = AccentColor;
				CODE_SIGN_STYLE = Automatic;
				CURRENT_PROJECT_VERSION = 1;
				DEVELOPMENT_ASSET_PATHS = "\"PencilKitPractice/Preview Content\"";
				DEVELOPMENT_TEAM = 7Y4TPNE48W;
				ENABLE_PREVIEWS = YES;
				GENERATE_INFOPLIST_FILE = YES;
				INFOPLIST_KEY_UIApplicationSceneManifest_Generation = YES;
				INFOPLIST_KEY_UIApplicationSupportsIndirectInputEvents = YES;
				INFOPLIST_KEY_UILaunchScreen_Generation = YES;
				INFOPLIST_KEY_UISupportedInterfaceOrientations_iPad = "UIInterfaceOrientationPortrait UIInterfaceOrientationPortraitUpsideDown UIInterfaceOrientationLandscapeLeft UIInterfaceOrientationLandscapeRight";
				INFOPLIST_KEY_UISupportedInterfaceOrientations_iPhone = "UIInterfaceOrientationPortrait UIInterfaceOrientationLandscapeLeft UIInterfaceOrientationLandscapeRight";
				LD_RUNPATH_SEARCH_PATHS = (
					"$(inherited)",
					"@executable_path/Frameworks",
				);
				MARKETING_VERSION = 1.0;
				PRODUCT_BUNDLE_IDENTIFIER = "com.iOS-Taipei.PencilKitPractice";
				PRODUCT_NAME = "$(TARGET_NAME)";
				SWIFT_EMIT_LOC_STRINGS = YES;
				SWIFT_VERSION = 5.0;
				TARGETED_DEVICE_FAMILY = "1,2";
			};
			name = Release;
		};
/* End XCBuildConfiguration section */

/* Begin XCConfigurationList section */
		938236F72AAD80820080093C /* Build configuration list for PBXProject "PencilKitPractice" */ = {
			isa = XCConfigurationList;
			buildConfigurations = (
				938237082AAD80830080093C /* Debug */,
				938237092AAD80830080093C /* Release */,
			);
			defaultConfigurationIsVisible = 0;
			defaultConfigurationName = Release;
		};
		9382370A2AAD80830080093C /* Build configuration list for PBXNativeTarget "PencilKitPractice" */ = {
			isa = XCConfigurationList;
			buildConfigurations = (
				9382370B2AAD80830080093C /* Debug */,
				9382370C2AAD80830080093C /* Release */,
			);
			defaultConfigurationIsVisible = 0;
			defaultConfigurationName = Release;
		};
/* End XCConfigurationList section */
	};
	rootObject = 938236F42AAD80820080093C /* Project object */;
}
